# @generated by Move, please check-in and do not edit manually.

[move]
version = 2
manifest_digest = "CFD562409D27018F3E6E601080FC98B6761FB06063D42B4405435E35998ADDC7"
deps_digest = "3C4103934B1E040BB6B23F1D610B4EF9F2F1166A50A104EADCF77467C004C600"
dependencies = [
  { name = "Sui" },
  { name = "oracle" },
]

[[move.package]]
name = "MoveStdlib"
source = { local = "/Users/wenba/code/sui/crates/sui-framework/packages/move-stdlib" }

[[move.package]]
name = "Sui"
source = { local = "/Users/wenba/code/sui/crates/sui-framework/packages/sui-framework" }

dependencies = [
  { name = "MoveStdlib" },
]

[[move.package]]
name = "oracle"
source = { git = "https://github.com/MystenLabs/apps", rev = "db04fbd17d6ba91ade45c32f609b949fb47d209b", subdir = "weather-oracle" }

dependencies = [
  { name = "Sui" },
]

[move.toolchain-version]
compiler-version = "1.24.0"
edition = "2024.beta"
flavor = "sui"

[env]

[env.mainnet]
chain-id = "35834a8a"
original-published-id = "0xa9f30ece52e7a91ffc54149987759109d8674cf4c239acfd660a5210397b1636"
latest-published-id = "0xa9f30ece52e7a91ffc54149987759109d8674cf4c239acfd660a5210397b1636"
published-version = "1"
